
Microsoft Visual Studio Solution File, Format Version 12.00
# Visual Studio Version 17
VisualStudioVersion = 17.8.34511.84
MinimumVisualStudioVersion = 10.0.40219.1
Project("{FAE04EC0-301F-11D3-BF4B-00C04F79EFBC}") = "LojaBlazorMaui.App", "LojaBlazorMaui.App\LojaBlazorMaui.App.csproj", "{3D15027C-D183-423C-9309-7978AC603D2E}"
EndProject
Global
	GlobalSection(SolutionConfigurationPlatforms) = preSolution
		Debug|Any CPU = Debug|Any CPU
		Release|Any CPU = Release|Any CPU
	EndGlobalSection
	GlobalSection(ProjectConfigurationPlatforms) = postSolution
		{3D15027C-D183-423C-9309-7978AC603D2E}.Debug|Any CPU.ActiveCfg = Debug|Any CPU
		{3D15027C-D183-423C-9309-7978AC603D2E}.Debug|Any CPU.Build.0 = Debug|Any CPU
		{3D15027C-D183-423C-9309-7978AC603D2E}.Debug|Any CPU.Deploy.0 = Debug|Any CPU
		{3D15027C-D183-423C-9309-7978AC603D2E}.Release|Any CPU.ActiveCfg = Release|Any CPU
		{3D15027C-D183-423C-9309-7978AC603D2E}.Release|Any CPU.Build.0 = Release|Any CPU
		{3D15027C-D183-423C-9309-7978AC603D2E}.Release|Any CPU.Deploy.0 = Release|Any CPU
	EndGlobalSection
	GlobalSection(SolutionProperties) = preSolution
		HideSolutionNode = FALSE
	EndGlobalSection
	GlobalSection(ExtensibilityGlobals) = postSolution
		SolutionGuid = {4543FA9B-56AB-4A36-9440-7995E33585FB}
	EndGlobalSection
EndGlobal
